{
  "nodes": {
    "home-manager": {
      "inputs": {
        "nixpkgs": [
          "nixpkgs"
        ]
      },
      "locked": {
        "lastModified": 1767104570,
        "narHash": "sha256-GKgwu5//R+cLdKysZjGqvUEEOGXXLdt93sNXeb2M/Lk=",
        "owner": "nix-community",
        "repo": "home-manager",
        "rev": "e4e78a2cbeaddd07ab7238971b16468cc1d14daf",
        "type": "github"
      },
      "original": {
        "owner": "nix-community",
        "repo": "home-manager",
        "type": "github"
      }
    },
    "nixpkgs": {
      "locked": {
        "lastModified": 1767286829,
        "narHash": "sha256-CpJPj6BTOQNY+tx7BEZwaOlsq6TZ3V4u2TFp7sUe+yI=",
        "owner": "NixOS",
        "repo": "nixpkgs",
        "rev": "d9b2c11fe86b57737284c7b36ca11f276b326e0c",
        "type": "github"
      },
      "original": {
        "owner": "NixOS",
        "repo": "nixpkgs",
        "type": "github"
      }
    },
    "root": {
      "inputs": {
        "home-manager": "home-manager",
        "nixpkgs": "nixpkgs",
        "tree-sitter-sml": "tree-sitter-sml"
      }
    },
    "tree-sitter-sml": {
      "flake": false,
      "locked": {
        "lastModified": 1642159426,
        "narHash": "sha256-bp7Rmrk7iqgBsLBYTDc28T+A6mcSD/Z+0SywzAmeJhw=",
        "owner": "siraben",
        "repo": "tree-sitter-sml",
        "rev": "ec1d78668f160731a818f9b6c75c41ad5fd4e67c",
        "type": "github"
      },
      "original": {
        "owner": "siraben",
        "repo": "tree-sitter-sml",
        "type": "github"
      }
    }
  },
  "root": "root",
  "version": 7
}
