{
  "nodes": {
    "home-manager": {
      "inputs": {
        "nixpkgs": [
          "nixpkgs"
        ]
      },
      "locked": {
        "lastModified": 1754756528,
        "narHash": "sha256-W1jYKMetZSOHP5m2Z5Wokdj/ct17swPHs+MiY2WT1HQ=",
        "owner": "nix-community",
        "repo": "home-manager",
        "rev": "3ec1cd9a0703fbd55d865b7fd2b07d08374f0355",
        "type": "github"
      },
      "original": {
        "owner": "nix-community",
        "repo": "home-manager",
        "type": "github"
      }
    },
    "nixpkgs": {
      "locked": {
        "lastModified": 1754787963,
        "narHash": "sha256-BExvuIabyDAgm8oLgGi/rbTbCouydsLMLaL2Fzpdvcc=",
        "owner": "NixOS",
        "repo": "nixpkgs",
        "rev": "796902fa97f5d4174251562eee6fa4d138c4a5e8",
        "type": "github"
      },
      "original": {
        "owner": "NixOS",
        "repo": "nixpkgs",
        "type": "github"
      }
    },
    "root": {
      "inputs": {
        "home-manager": "home-manager",
        "nixpkgs": "nixpkgs",
        "tree-sitter-sml": "tree-sitter-sml"
      }
    },
    "tree-sitter-sml": {
      "flake": false,
      "locked": {
        "lastModified": 1642159426,
        "narHash": "sha256-bp7Rmrk7iqgBsLBYTDc28T+A6mcSD/Z+0SywzAmeJhw=",
        "owner": "siraben",
        "repo": "tree-sitter-sml",
        "rev": "ec1d78668f160731a818f9b6c75c41ad5fd4e67c",
        "type": "github"
      },
      "original": {
        "owner": "siraben",
        "repo": "tree-sitter-sml",
        "type": "github"
      }
    }
  },
  "root": "root",
  "version": 7
}
